{
  "name": "stately-github-sync",
  "version": "1.0.0",
  "lockfileVersion": 3,
  "requires": true,
  "packages": {
    "": {
      "name": "stately-github-sync",
      "version": "1.0.0",
      "license": "ISC",
      "dependencies": {
        "xstate": "^5.5.1"
      }
    },
    "node_modules/xstate": {
      "version": "5.5.1",
      "resolved": "https://registry.npmjs.org/xstate/-/xstate-5.5.1.tgz",
      "integrity": "sha512-12Was43pPJKg3JWoelOREtTNYgFz6tRlNrMaRuqOibEe3pn8/uOWiP8ySMfOynyIjHUxd4BU7wV9O54Ma3FM6g==",
      "funding": {
        "type": "opencollective",
        "url": "https://opencollective.com/xstate"
      }
    }
  }
}
